// !$*UTF8*$!
{
	archiveVersion = 1;
	classes = {
	};
	objectVersion = 46;
	objects = {

/* Begin PBXBuildFile section */
		1D3623260D0F684500981E51 /* WorldBankAppDelegate.m in Sources */ = {isa = PBXBuildFile; fileRef = 1D3623250D0F684500981E51 /* WorldBankAppDelegate.m */; };
		1D60589B0D05DD56006BFB54 /* main.m in Sources */ = {isa = PBXBuildFile; fileRef = 29B97316FDCFA39411CA2CEA /* main.m */; };
		1D60589F0D05DD5A006BFB54 /* Foundation.framework in Frameworks */ = {isa = PBXBuildFile; fileRef = 1D30AB110D05D00D00671497 /* Foundation.framework */; };
		1DF5F4E00D08C38300B7A737 /* UIKit.framework in Frameworks */ = {isa = PBXBuildFile; fileRef = 1DF5F4DF0D08C38300B7A737 /* UIKit.framework */; };
		288765A50DF7441C002DB57D /* CoreGraphics.framework in Frameworks */ = {isa = PBXBuildFile; fileRef = 288765A40DF7441C002DB57D /* CoreGraphics.framework */; };
		2899E5220DE3E06400AC0155 /* WorldBankViewController.xib in Resources */ = {isa = PBXBuildFile; fileRef = 2899E5210DE3E06400AC0155 /* WorldBankViewController.xib */; };
		28AD733F0D9D9553002E5188 /* MainWindow.xib in Resources */ = {isa = PBXBuildFile; fileRef = 28AD733E0D9D9553002E5188 /* MainWindow.xib */; };
		28D7ACF80DDB3853001CB0EB /* WorldBankViewController.m in Sources */ = {isa = PBXBuildFile; fileRef = 28D7ACF70DDB3853001CB0EB /* WorldBankViewController.m */; };
		9507F96F127D3D1A0033D35C /* Icon-72.png in Resources */ = {isa = PBXBuildFile; fileRef = 9507F968127D3D1A0033D35C /* Icon-72.png */; };
		9507F970127D3D1A0033D35C /* Icon-Small-50.png in Resources */ = {isa = PBXBuildFile; fileRef = 9507F969127D3D1A0033D35C /* Icon-Small-50.png */; };
		9507F971127D3D1A0033D35C /* Icon-Small.png in Resources */ = {isa = PBXBuildFile; fileRef = 9507F96A127D3D1A0033D35C /* Icon-Small.png */; };
		9507F972127D3D1A0033D35C /* Icon-Small@2x.png in Resources */ = {isa = PBXBuildFile; fileRef = 9507F96B127D3D1A0033D35C /* Icon-Small@2x.png */; };
		9507F973127D3D1A0033D35C /* Icon.png in Resources */ = {isa = PBXBuildFile; fileRef = 9507F96C127D3D1A0033D35C /* Icon.png */; };
		9507F974127D3D1A0033D35C /* Icon@2x.png in Resources */ = {isa = PBXBuildFile; fileRef = 9507F96D127D3D1A0033D35C /* Icon@2x.png */; };
		9507F975127D3D1A0033D35C /* iTunesArtwork in Resources */ = {isa = PBXBuildFile; fileRef = 9507F96E127D3D1A0033D35C /* iTunesArtwork */; };
		9507F984127D3E1B0033D35C /* MapKit.framework in Frameworks */ = {isa = PBXBuildFile; fileRef = 9507F983127D3E1B0033D35C /* MapKit.framework */; };
		9507F98A127D3E260033D35C /* CoreLocation.framework in Frameworks */ = {isa = PBXBuildFile; fileRef = 9507F989127D3E260033D35C /* CoreLocation.framework */; };
		95577D8E1281BF14001EB084 /* MainWindow-iPad.xib in Resources */ = {isa = PBXBuildFile; fileRef = 95577D8D1281BF14001EB084 /* MainWindow-iPad.xib */; };
		9561DFFB12CFEC8A00606E6B /* TileOverlay.m in Sources */ = {isa = PBXBuildFile; fileRef = 9561DFF812CFEC8A00606E6B /* TileOverlay.m */; };
		9561DFFC12CFEC8A00606E6B /* TileOverlayView.m in Sources */ = {isa = PBXBuildFile; fileRef = 9561DFFA12CFEC8A00606E6B /* TileOverlayView.m */; };
		95F7491012D7AE58005042E9 /* libThree20Core.a in Frameworks */ = {isa = PBXBuildFile; fileRef = 95F7489112D7AE0B005042E9 /* libThree20Core.a */; };
		95F7491112D7AE5A005042E9 /* libThree20Network.a in Frameworks */ = {isa = PBXBuildFile; fileRef = 95F748A512D7AE0B005042E9 /* libThree20Network.a */; };
		95F74A7512D7AF10005042E9 /* Three20.bundle in Resources */ = {isa = PBXBuildFile; fileRef = 95F74A7412D7AF10005042E9 /* Three20.bundle */; };
		95F74B3C12D7BDF0005042E9 /* OSMTileOverlay.m in Sources */ = {isa = PBXBuildFile; fileRef = 95F74B3B12D7BDF0005042E9 /* OSMTileOverlay.m */; };
		95F74B4712D7BE8A005042E9 /* CustomOverlayView.m in Sources */ = {isa = PBXBuildFile; fileRef = 95F74B4612D7BE8A005042E9 /* CustomOverlayView.m */; };
		95F74B7412D7C037005042E9 /* IUCNOverlay.m in Sources */ = {isa = PBXBuildFile; fileRef = 95F74B7312D7C037005042E9 /* IUCNOverlay.m */; };
		95F74B9F12D7D4C0005042E9 /* CustomUISlider.m in Sources */ = {isa = PBXBuildFile; fileRef = 95F74B9E12D7D4C0005042E9 /* CustomUISlider.m */; };
		95F74BBF12D80ADD005042E9 /* FormaOverlay.m in Sources */ = {isa = PBXBuildFile; fileRef = 95F74BBE12D80ADD005042E9 /* FormaOverlay.m */; };
		95F74C7912D80FFE005042E9 /* Entitlements.plist in Resources */ = {isa = PBXBuildFile; fileRef = 95F74C7812D80FFE005042E9 /* Entitlements.plist */; };
/* End PBXBuildFile section */

/* Begin PBXContainerItemProxy section */
		95F7489012D7AE0B005042E9 /* PBXContainerItemProxy */ = {
			isa = PBXContainerItemProxy;
			containerPortal = 95F7487612D7AE0B005042E9 /* Three20Core.xcodeproj */;
			proxyType = 2;
			remoteGlobalIDString = BEF31F3A0F352DF5000DE5D2 /* libThree20Core.a */;
			remoteInfo = Three20Core;
		};
		95F7489212D7AE0B005042E9 /* PBXContainerItemProxy */ = {
			isa = PBXContainerItemProxy;
			containerPortal = 95F7487612D7AE0B005042E9 /* Three20Core.xcodeproj */;
			proxyType = 2;
			remoteGlobalIDString = 6650CAA21262F6E2003FF804 /* libThree20Core-Xcode3.2.5.a */;
			remoteInfo = "Three20Core-Xcode3.2.5";
		};
		95F7489412D7AE0B005042E9 /* PBXContainerItemProxy */ = {
			isa = PBXContainerItemProxy;
			containerPortal = 95F7487612D7AE0B005042E9 /* Three20Core.xcodeproj */;
			proxyType = 2;
			remoteGlobalIDString = 66C2E0FC1262F748006DF55A /* libThree20Core-Xcode3.2.2.a */;
			remoteInfo = "Three20Core-Xcode3.2.2";
		};
		95F7489612D7AE0B005042E9 /* PBXContainerItemProxy */ = {
			isa = PBXContainerItemProxy;
			containerPortal = 95F7487612D7AE0B005042E9 /* Three20Core.xcodeproj */;
			proxyType = 2;
			remoteGlobalIDString = EB9E6C6210B6A8F800DE563C /* CoreUnitTests.octest */;
			remoteInfo = Three20CoreUnitTests;
		};
		95F7489812D7AE0B005042E9 /* PBXContainerItemProxy */ = {
			isa = PBXContainerItemProxy;
			containerPortal = 95F7487612D7AE0B005042E9 /* Three20Core.xcodeproj */;
			proxyType = 2;
			remoteGlobalIDString = 664961641262EE5000C2C80E /* CoreUnitTests-Xcode3.2.5.octest */;
			remoteInfo = "Three20CoreUnitTests-Xcode3.2.5";
		};
		95F7489A12D7AE0B005042E9 /* PBXContainerItemProxy */ = {
			isa = PBXContainerItemProxy;
			containerPortal = 95F7487612D7AE0B005042E9 /* Three20Core.xcodeproj */;
			proxyType = 2;
			remoteGlobalIDString = 66F9A63C1262ED9F0059C2AE /* CoreUnitTests-Xcode3.2.2.octest */;
			remoteInfo = "Three20CoreUnitTests-Xcode3.2.2";
		};
		95F748A412D7AE0B005042E9 /* PBXContainerItemProxy */ = {
			isa = PBXContainerItemProxy;
			containerPortal = 95F7487912D7AE0B005042E9 /* Three20Network.xcodeproj */;
			proxyType = 2;
			remoteGlobalIDString = BEF31F3A0F352DF5000DE5D2 /* libThree20Network.a */;
			remoteInfo = Three20Network;
		};
		95F748A612D7AE0B005042E9 /* PBXContainerItemProxy */ = {
			isa = PBXContainerItemProxy;
			containerPortal = 95F7487912D7AE0B005042E9 /* Three20Network.xcodeproj */;
			proxyType = 2;
			remoteGlobalIDString = 662D81EF12630516005851C2 /* libThree20Network-Xcode3.2.5.a */;
			remoteInfo = "Three20Network-Xcode3.2.5";
		};
		95F748A812D7AE0B005042E9 /* PBXContainerItemProxy */ = {
			isa = PBXContainerItemProxy;
			containerPortal = 95F7487912D7AE0B005042E9 /* Three20Network.xcodeproj */;
			proxyType = 2;
			remoteGlobalIDString = 662D821612630527005851C2 /* libThree20Network-Xcode3.2.2.a */;
			remoteInfo = "Three20Network-Xcode3.2.2";
		};
		95F748AA12D7AE0B005042E9 /* PBXContainerItemProxy */ = {
			isa = PBXContainerItemProxy;
			containerPortal = 95F7487912D7AE0B005042E9 /* Three20Network.xcodeproj */;
			proxyType = 2;
			remoteGlobalIDString = EB9E6C6210B6A8F800DE563C /* NetworkUnitTests.octest */;
			remoteInfo = Three20NetworkUnitTests;
		};
		95F748AC12D7AE0B005042E9 /* PBXContainerItemProxy */ = {
			isa = PBXContainerItemProxy;
			containerPortal = 95F7487912D7AE0B005042E9 /* Three20Network.xcodeproj */;
			proxyType = 2;
			remoteGlobalIDString = 662D81B2126304EB005851C2 /* NetworkUnitTests-Xcode3.2.5.octest */;
			remoteInfo = "Three20NetworkUnitTests-Xcode3.2.5";
		};
		95F748AE12D7AE0B005042E9 /* PBXContainerItemProxy */ = {
			isa = PBXContainerItemProxy;
			containerPortal = 95F7487912D7AE0B005042E9 /* Three20Network.xcodeproj */;
			proxyType = 2;
			remoteGlobalIDString = 662D81C7126304F3005851C2 /* NetworkUnitTests-Xcode3.2.2.octest */;
			remoteInfo = "Three20NetworkUnitTests-Xcode3.2.2";
		};
		95F7491712D7AE8D005042E9 /* PBXContainerItemProxy */ = {
			isa = PBXContainerItemProxy;
			containerPortal = 95F7487912D7AE0B005042E9 /* Three20Network.xcodeproj */;
			proxyType = 1;
			remoteGlobalIDString = BEF31F390F352DF5000DE5D2 /* Three20Network */;
			remoteInfo = Three20Network;
		};
		95F7491F12D7AE8D005042E9 /* PBXContainerItemProxy */ = {
			isa = PBXContainerItemProxy;
			containerPortal = 95F7487612D7AE0B005042E9 /* Three20Core.xcodeproj */;
			proxyType = 1;
			remoteGlobalIDString = BEF31F390F352DF5000DE5D2 /* Three20Core */;
			remoteInfo = Three20Core;
		};
/* End PBXContainerItemProxy section */

/* Begin PBXFileReference section */
		1D30AB110D05D00D00671497 /* Foundation.framework */ = {isa = PBXFileReference; lastKnownFileType = wrapper.framework; name = Foundation.framework; path = System/Library/Frameworks/Foundation.framework; sourceTree = SDKROOT; };
		1D3623240D0F684500981E51 /* WorldBankAppDelegate.h */ = {isa = PBXFileReference; fileEncoding = 4; lastKnownFileType = sourcecode.c.h; path = WorldBankAppDelegate.h; sourceTree = "<group>"; };
		1D3623250D0F684500981E51 /* WorldBankAppDelegate.m */ = {isa = PBXFileReference; fileEncoding = 4; lastKnownFileType = sourcecode.c.objc; path = WorldBankAppDelegate.m; sourceTree = "<group>"; };
		1D6058910D05DD3D006BFB54 /* WorldBank.app */ = {isa = PBXFileReference; explicitFileType = wrapper.application; includeInIndex = 0; path = WorldBank.app; sourceTree = BUILT_PRODUCTS_DIR; };
		1DF5F4DF0D08C38300B7A737 /* UIKit.framework */ = {isa = PBXFileReference; lastKnownFileType = wrapper.framework; name = UIKit.framework; path = System/Library/Frameworks/UIKit.framework; sourceTree = SDKROOT; };
		288765A40DF7441C002DB57D /* CoreGraphics.framework */ = {isa = PBXFileReference; lastKnownFileType = wrapper.framework; name = CoreGraphics.framework; path = System/Library/Frameworks/CoreGraphics.framework; sourceTree = SDKROOT; };
		2899E5210DE3E06400AC0155 /* WorldBankViewController.xib */ = {isa = PBXFileReference; lastKnownFileType = file.xib; path = WorldBankViewController.xib; sourceTree = "<group>"; };
		28AD733E0D9D9553002E5188 /* MainWindow.xib */ = {isa = PBXFileReference; lastKnownFileType = file.xib; path = MainWindow.xib; sourceTree = "<group>"; };
		28D7ACF60DDB3853001CB0EB /* WorldBankViewController.h */ = {isa = PBXFileReference; fileEncoding = 4; lastKnownFileType = sourcecode.c.h; path = WorldBankViewController.h; sourceTree = "<group>"; };
		28D7ACF70DDB3853001CB0EB /* WorldBankViewController.m */ = {isa = PBXFileReference; fileEncoding = 4; lastKnownFileType = sourcecode.c.objc; path = WorldBankViewController.m; sourceTree = "<group>"; };
		29B97316FDCFA39411CA2CEA /* main.m */ = {isa = PBXFileReference; fileEncoding = 4; lastKnownFileType = sourcecode.c.objc; path = main.m; sourceTree = "<group>"; };
		32CA4F630368D1EE00C91783 /* WorldBank_Prefix.pch */ = {isa = PBXFileReference; fileEncoding = 4; lastKnownFileType = sourcecode.c.h; path = WorldBank_Prefix.pch; sourceTree = "<group>"; };
		8D1107310486CEB800E47090 /* WorldBank-Info.plist */ = {isa = PBXFileReference; fileEncoding = 4; lastKnownFileType = text.plist.xml; path = "WorldBank-Info.plist"; plistStructureDefinitionIdentifier = "com.apple.xcode.plist.structure-definition.iphone.info-plist"; sourceTree = "<group>"; };
		9507F968127D3D1A0033D35C /* Icon-72.png */ = {isa = PBXFileReference; lastKnownFileType = image.png; path = "Icon-72.png"; sourceTree = "<group>"; };
		9507F969127D3D1A0033D35C /* Icon-Small-50.png */ = {isa = PBXFileReference; lastKnownFileType = image.png; path = "Icon-Small-50.png"; sourceTree = "<group>"; };
		9507F96A127D3D1A0033D35C /* Icon-Small.png */ = {isa = PBXFileReference; lastKnownFileType = image.png; path = "Icon-Small.png"; sourceTree = "<group>"; };
		9507F96B127D3D1A0033D35C /* Icon-Small@2x.png */ = {isa = PBXFileReference; lastKnownFileType = image.png; path = "Icon-Small@2x.png"; sourceTree = "<group>"; };
		9507F96C127D3D1A0033D35C /* Icon.png */ = {isa = PBXFileReference; lastKnownFileType = image.png; path = Icon.png; sourceTree = "<group>"; };
		9507F96D127D3D1A0033D35C /* Icon@2x.png */ = {isa = PBXFileReference; lastKnownFileType = image.png; path = "Icon@2x.png"; sourceTree = "<group>"; };
		9507F96E127D3D1A0033D35C /* iTunesArtwork */ = {isa = PBXFileReference; lastKnownFileType = file; path = iTunesArtwork; sourceTree = "<group>"; };
		9507F983127D3E1B0033D35C /* MapKit.framework */ = {isa = PBXFileReference; lastKnownFileType = wrapper.framework; name = MapKit.framework; path = System/Library/Frameworks/MapKit.framework; sourceTree = SDKROOT; };
		9507F989127D3E260033D35C /* CoreLocation.framework */ = {isa = PBXFileReference; lastKnownFileType = wrapper.framework; name = CoreLocation.framework; path = System/Library/Frameworks/CoreLocation.framework; sourceTree = SDKROOT; };
		95577D8D1281BF14001EB084 /* MainWindow-iPad.xib */ = {isa = PBXFileReference; lastKnownFileType = file.xib; name = "MainWindow-iPad.xib"; path = "Resources-iPad/MainWindow-iPad.xib"; sourceTree = "<group>"; };
		9561DFF712CFEC8A00606E6B /* TileOverlay.h */ = {isa = PBXFileReference; fileEncoding = 4; lastKnownFileType = sourcecode.c.h; path = TileOverlay.h; sourceTree = "<group>"; };
		9561DFF812CFEC8A00606E6B /* TileOverlay.m */ = {isa = PBXFileReference; fileEncoding = 4; lastKnownFileType = sourcecode.c.objc; path = TileOverlay.m; sourceTree = "<group>"; };
		9561DFF912CFEC8A00606E6B /* TileOverlayView.h */ = {isa = PBXFileReference; fileEncoding = 4; lastKnownFileType = sourcecode.c.h; path = TileOverlayView.h; sourceTree = "<group>"; };
		9561DFFA12CFEC8A00606E6B /* TileOverlayView.m */ = {isa = PBXFileReference; fileEncoding = 4; lastKnownFileType = sourcecode.c.objc; path = TileOverlayView.m; sourceTree = "<group>"; };
		95F7487612D7AE0B005042E9 /* Three20Core.xcodeproj */ = {isa = PBXFileReference; lastKnownFileType = "wrapper.pb-project"; name = Three20Core.xcodeproj; path = three20/src/Three20Core/Three20Core.xcodeproj; sourceTree = SOURCE_ROOT; };
		95F7487912D7AE0B005042E9 /* Three20Network.xcodeproj */ = {isa = PBXFileReference; lastKnownFileType = "wrapper.pb-project"; name = Three20Network.xcodeproj; path = three20/src/Three20Network/Three20Network.xcodeproj; sourceTree = SOURCE_ROOT; };
		95F74A7412D7AF10005042E9 /* Three20.bundle */ = {isa = PBXFileReference; lastKnownFileType = "wrapper.plug-in"; name = Three20.bundle; path = three20/src/Three20.bundle; sourceTree = SOURCE_ROOT; };
		95F74AE812D7B4B3005042E9 /* CommonMacros.h */ = {isa = PBXFileReference; fileEncoding = 4; lastKnownFileType = sourcecode.c.h; path = CommonMacros.h; sourceTree = SOURCE_ROOT; };
		95F74B3A12D7BDF0005042E9 /* OSMTileOverlay.h */ = {isa = PBXFileReference; fileEncoding = 4; lastKnownFileType = sourcecode.c.h; name = OSMTileOverlay.h; path = Classes/OSMTileOverlay.h; sourceTree = SOURCE_ROOT; };
		95F74B3B12D7BDF0005042E9 /* OSMTileOverlay.m */ = {isa = PBXFileReference; fileEncoding = 4; lastKnownFileType = sourcecode.c.objc; name = OSMTileOverlay.m; path = Classes/OSMTileOverlay.m; sourceTree = SOURCE_ROOT; };
		95F74B4512D7BE8A005042E9 /* CustomOverlayView.h */ = {isa = PBXFileReference; fileEncoding = 4; lastKnownFileType = sourcecode.c.h; name = CustomOverlayView.h; path = Classes/CustomOverlayView.h; sourceTree = SOURCE_ROOT; };
		95F74B4612D7BE8A005042E9 /* CustomOverlayView.m */ = {isa = PBXFileReference; fileEncoding = 4; lastKnownFileType = sourcecode.c.objc; name = CustomOverlayView.m; path = Classes/CustomOverlayView.m; sourceTree = SOURCE_ROOT; };
		95F74B5012D7BEAE005042E9 /* TileOverlayProtocol.h */ = {isa = PBXFileReference; fileEncoding = 4; lastKnownFileType = sourcecode.c.h; name = TileOverlayProtocol.h; path = Classes/TileOverlayProtocol.h; sourceTree = SOURCE_ROOT; };
		95F74B7212D7C037005042E9 /* IUCNOverlay.h */ = {isa = PBXFileReference; fileEncoding = 4; lastKnownFileType = sourcecode.c.h; name = IUCNOverlay.h; path = Classes/IUCNOverlay.h; sourceTree = SOURCE_ROOT; };
		95F74B7312D7C037005042E9 /* IUCNOverlay.m */ = {isa = PBXFileReference; fileEncoding = 4; lastKnownFileType = sourcecode.c.objc; name = IUCNOverlay.m; path = Classes/IUCNOverlay.m; sourceTree = SOURCE_ROOT; };
		95F74B9D12D7D4C0005042E9 /* CustomUISlider.h */ = {isa = PBXFileReference; fileEncoding = 4; lastKnownFileType = sourcecode.c.h; path = CustomUISlider.h; sourceTree = "<group>"; };
		95F74B9E12D7D4C0005042E9 /* CustomUISlider.m */ = {isa = PBXFileReference; fileEncoding = 4; lastKnownFileType = sourcecode.c.objc; path = CustomUISlider.m; sourceTree = "<group>"; };
		95F74BBD12D80ADD005042E9 /* FormaOverlay.h */ = {isa = PBXFileReference; fileEncoding = 4; lastKnownFileType = sourcecode.c.h; name = FormaOverlay.h; path = Classes/FormaOverlay.h; sourceTree = SOURCE_ROOT; };
		95F74BBE12D80ADD005042E9 /* FormaOverlay.m */ = {isa = PBXFileReference; fileEncoding = 4; lastKnownFileType = sourcecode.c.objc; name = FormaOverlay.m; path = Classes/FormaOverlay.m; sourceTree = SOURCE_ROOT; };
		95F74C7812D80FFE005042E9 /* Entitlements.plist */ = {isa = PBXFileReference; fileEncoding = 4; lastKnownFileType = text.plist.xml; path = Entitlements.plist; sourceTree = SOURCE_ROOT; };
/* End PBXFileReference section */

/* Begin PBXFrameworksBuildPhase section */
		1D60588F0D05DD3D006BFB54 /* Frameworks */ = {
			isa = PBXFrameworksBuildPhase;
			buildActionMask = 2147483647;
			files = (
				1D60589F0D05DD5A006BFB54 /* Foundation.framework in Frameworks */,
				1DF5F4E00D08C38300B7A737 /* UIKit.framework in Frameworks */,
				288765A50DF7441C002DB57D /* CoreGraphics.framework in Frameworks */,
				9507F984127D3E1B0033D35C /* MapKit.framework in Frameworks */,
				9507F98A127D3E260033D35C /* CoreLocation.framework in Frameworks */,
				95F7491012D7AE58005042E9 /* libThree20Core.a in Frameworks */,
				95F7491112D7AE5A005042E9 /* libThree20Network.a in Frameworks */,
			);
			runOnlyForDeploymentPostprocessing = 0;
		};
/* End PBXFrameworksBuildPhase section */

/* Begin PBXGroup section */
		080E96DDFE201D6D7F000001 /* Classes */ = {
			isa = PBXGroup;
			children = (
				95F74B5012D7BEAE005042E9 /* TileOverlayProtocol.h */,
				1D3623240D0F684500981E51 /* WorldBankAppDelegate.h */,
				1D3623250D0F684500981E51 /* WorldBankAppDelegate.m */,
				28D7ACF60DDB3853001CB0EB /* WorldBankViewController.h */,
				28D7ACF70DDB3853001CB0EB /* WorldBankViewController.m */,
				9561DFF712CFEC8A00606E6B /* TileOverlay.h */,
				9561DFF812CFEC8A00606E6B /* TileOverlay.m */,
				9561DFF912CFEC8A00606E6B /* TileOverlayView.h */,
				9561DFFA12CFEC8A00606E6B /* TileOverlayView.m */,
				95F74B4512D7BE8A005042E9 /* CustomOverlayView.h */,
				95F74B4612D7BE8A005042E9 /* CustomOverlayView.m */,
				95F74B7212D7C037005042E9 /* IUCNOverlay.h */,
				95F74B7312D7C037005042E9 /* IUCNOverlay.m */,
				95F74BBD12D80ADD005042E9 /* FormaOverlay.h */,
				95F74BBE12D80ADD005042E9 /* FormaOverlay.m */,
				95F74B3A12D7BDF0005042E9 /* OSMTileOverlay.h */,
				95F74B3B12D7BDF0005042E9 /* OSMTileOverlay.m */,
				95F74B9D12D7D4C0005042E9 /* CustomUISlider.h */,
				95F74B9E12D7D4C0005042E9 /* CustomUISlider.m */,
			);
			path = Classes;
			sourceTree = "<group>";
		};
		19C28FACFE9D520D11CA2CBB /* Products */ = {
			isa = PBXGroup;
			children = (
				1D6058910D05DD3D006BFB54 /* WorldBank.app */,
			);
			name = Products;
			sourceTree = "<group>";
		};
		29B97314FDCFA39411CA2CEA /* CustomTemplate */ = {
			isa = PBXGroup;
			children = (
				95F7487612D7AE0B005042E9 /* Three20Core.xcodeproj */,
				95F7487912D7AE0B005042E9 /* Three20Network.xcodeproj */,
				080E96DDFE201D6D7F000001 /* Classes */,
				29B97315FDCFA39411CA2CEA /* Other Sources */,
				29B97317FDCFA39411CA2CEA /* Resources */,
				95577D8C1281BF13001EB084 /* Resources-iPad */,
				29B97323FDCFA39411CA2CEA /* Frameworks */,
				19C28FACFE9D520D11CA2CBB /* Products */,
			);
			name = CustomTemplate;
			sourceTree = "<group>";
		};
		29B97315FDCFA39411CA2CEA /* Other Sources */ = {
			isa = PBXGroup;
			children = (
				95F74AE812D7B4B3005042E9 /* CommonMacros.h */,
				32CA4F630368D1EE00C91783 /* WorldBank_Prefix.pch */,
				29B97316FDCFA39411CA2CEA /* main.m */,
			);
			name = "Other Sources";
			sourceTree = "<group>";
		};
		29B97317FDCFA39411CA2CEA /* Resources */ = {
			isa = PBXGroup;
			children = (
				95F74A7412D7AF10005042E9 /* Three20.bundle */,
				9507F967127D3D1A0033D35C /* Icons */,
				2899E5210DE3E06400AC0155 /* WorldBankViewController.xib */,
				28AD733E0D9D9553002E5188 /* MainWindow.xib */,
				8D1107310486CEB800E47090 /* WorldBank-Info.plist */,
				95F74C7812D80FFE005042E9 /* Entitlements.plist */,
			);
			name = Resources;
			sourceTree = "<group>";
		};
		29B97323FDCFA39411CA2CEA /* Frameworks */ = {
			isa = PBXGroup;
			children = (
				9507F983127D3E1B0033D35C /* MapKit.framework */,
				9507F989127D3E260033D35C /* CoreLocation.framework */,
				1DF5F4DF0D08C38300B7A737 /* UIKit.framework */,
				1D30AB110D05D00D00671497 /* Foundation.framework */,
				288765A40DF7441C002DB57D /* CoreGraphics.framework */,
			);
			name = Frameworks;
			sourceTree = "<group>";
		};
		9507F967127D3D1A0033D35C /* Icons */ = {
			isa = PBXGroup;
			children = (
				9507F968127D3D1A0033D35C /* Icon-72.png */,
				9507F969127D3D1A0033D35C /* Icon-Small-50.png */,
				9507F96A127D3D1A0033D35C /* Icon-Small.png */,
				9507F96B127D3D1A0033D35C /* Icon-Small@2x.png */,
				9507F96C127D3D1A0033D35C /* Icon.png */,
				9507F96D127D3D1A0033D35C /* Icon@2x.png */,
				9507F96E127D3D1A0033D35C /* iTunesArtwork */,
			);
			name = Icons;
			path = images;
			sourceTree = "<group>";
		};
		95577D8C1281BF13001EB084 /* Resources-iPad */ = {
			isa = PBXGroup;
			children = (
				95577D8D1281BF14001EB084 /* MainWindow-iPad.xib */,
			);
			name = "Resources-iPad";
			sourceTree = "<group>";
		};
		95F7488812D7AE0B005042E9 /* Products */ = {
			isa = PBXGroup;
			children = (
				95F7489112D7AE0B005042E9 /* libThree20Core.a */,
				95F7489312D7AE0B005042E9 /* libThree20Core-Xcode3.2.5.a */,
				95F7489512D7AE0B005042E9 /* libThree20Core-Xcode3.2.2.a */,
				95F7489712D7AE0B005042E9 /* CoreUnitTests.octest */,
				95F7489912D7AE0B005042E9 /* CoreUnitTests-Xcode3.2.5.octest */,
				95F7489B12D7AE0B005042E9 /* CoreUnitTests-Xcode3.2.2.octest */,
			);
			name = Products;
			sourceTree = "<group>";
		};
		95F7489C12D7AE0B005042E9 /* Products */ = {
			isa = PBXGroup;
			children = (
				95F748A512D7AE0B005042E9 /* libThree20Network.a */,
				95F748A712D7AE0B005042E9 /* libThree20Network-Xcode3.2.5.a */,
				95F748A912D7AE0B005042E9 /* libThree20Network-Xcode3.2.2.a */,
				95F748AB12D7AE0B005042E9 /* NetworkUnitTests.octest */,
				95F748AD12D7AE0B005042E9 /* NetworkUnitTests-Xcode3.2.5.octest */,
				95F748AF12D7AE0B005042E9 /* NetworkUnitTests-Xcode3.2.2.octest */,
			);
			name = Products;
			sourceTree = "<group>";
		};
/* End PBXGroup section */

/* Begin PBXNativeTarget section */
		1D6058900D05DD3D006BFB54 /* WorldBank */ = {
			isa = PBXNativeTarget;
			buildConfigurationList = 1D6058960D05DD3E006BFB54 /* Build configuration list for PBXNativeTarget "WorldBank" */;
			buildPhases = (
				1D60588D0D05DD3D006BFB54 /* Resources */,
				1D60588E0D05DD3D006BFB54 /* Sources */,
				1D60588F0D05DD3D006BFB54 /* Frameworks */,
			);
			buildRules = (
			);
			dependencies = (
				95F7491812D7AE8D005042E9 /* PBXTargetDependency */,
				95F7492012D7AE8D005042E9 /* PBXTargetDependency */,
			);
			name = WorldBank;
			productName = WorldBank;
			productReference = 1D6058910D05DD3D006BFB54 /* WorldBank.app */;
			productType = "com.apple.product-type.application";
		};
/* End PBXNativeTarget section */

/* Begin PBXProject section */
		29B97313FDCFA39411CA2CEA /* Project object */ = {
			isa = PBXProject;
			attributes = {
				ORGANIZATIONNAME = "Threadlock Design";
			};
			buildConfigurationList = C01FCF4E08A954540054247B /* Build configuration list for PBXProject "WorldBank" */;
			compatibilityVersion = "Xcode 3.2";
			developmentRegion = English;
			hasScannedForEncodings = 1;
			knownRegions = (
				English,
				Japanese,
				French,
				German,
			);
			mainGroup = 29B97314FDCFA39411CA2CEA /* CustomTemplate */;
			projectDirPath = "";
			projectReferences = (
				{
					ProductGroup = 95F7488812D7AE0B005042E9 /* Products */;
					ProjectRef = 95F7487612D7AE0B005042E9 /* Three20Core.xcodeproj */;
				},
				{
					ProductGroup = 95F7489C12D7AE0B005042E9 /* Products */;
					ProjectRef = 95F7487912D7AE0B005042E9 /* Three20Network.xcodeproj */;
				},
			);
			projectRoot = "";
			targets = (
				1D6058900D05DD3D006BFB54 /* WorldBank */,
			);
		};
/* End PBXProject section */

/* Begin PBXReferenceProxy section */
		95F7489112D7AE0B005042E9 /* libThree20Core.a */ = {
			isa = PBXReferenceProxy;
			fileType = archive.ar;
			path = libThree20Core.a;
			remoteRef = 95F7489012D7AE0B005042E9 /* PBXContainerItemProxy */;
			sourceTree = BUILT_PRODUCTS_DIR;
		};
		95F7489312D7AE0B005042E9 /* libThree20Core-Xcode3.2.5.a */ = {
			isa = PBXReferenceProxy;
			fileType = archive.ar;
			path = "libThree20Core-Xcode3.2.5.a";
			remoteRef = 95F7489212D7AE0B005042E9 /* PBXContainerItemProxy */;
			sourceTree = BUILT_PRODUCTS_DIR;
		};
		95F7489512D7AE0B005042E9 /* libThree20Core-Xcode3.2.2.a */ = {
			isa = PBXReferenceProxy;
			fileType = archive.ar;
			path = "libThree20Core-Xcode3.2.2.a";
			remoteRef = 95F7489412D7AE0B005042E9 /* PBXContainerItemProxy */;
			sourceTree = BUILT_PRODUCTS_DIR;
		};
		95F7489712D7AE0B005042E9 /* CoreUnitTests.octest */ = {
			isa = PBXReferenceProxy;
			fileType = wrapper.cfbundle;
			path = CoreUnitTests.octest;
			remoteRef = 95F7489612D7AE0B005042E9 /* PBXContainerItemProxy */;
			sourceTree = BUILT_PRODUCTS_DIR;
		};
		95F7489912D7AE0B005042E9 /* CoreUnitTests-Xcode3.2.5.octest */ = {
			isa = PBXReferenceProxy;
			fileType = wrapper.cfbundle;
			path = "CoreUnitTests-Xcode3.2.5.octest";
			remoteRef = 95F7489812D7AE0B005042E9 /* PBXContainerItemProxy */;
			sourceTree = BUILT_PRODUCTS_DIR;
		};
		95F7489B12D7AE0B005042E9 /* CoreUnitTests-Xcode3.2.2.octest */ = {
			isa = PBXReferenceProxy;
			fileType = wrapper.cfbundle;
			path = "CoreUnitTests-Xcode3.2.2.octest";
			remoteRef = 95F7489A12D7AE0B005042E9 /* PBXContainerItemProxy */;
			sourceTree = BUILT_PRODUCTS_DIR;
		};
		95F748A512D7AE0B005042E9 /* libThree20Network.a */ = {
			isa = PBXReferenceProxy;
			fileType = archive.ar;
			path = libThree20Network.a;
			remoteRef = 95F748A412D7AE0B005042E9 /* PBXContainerItemProxy */;
			sourceTree = BUILT_PRODUCTS_DIR;
		};
		95F748A712D7AE0B005042E9 /* libThree20Network-Xcode3.2.5.a */ = {
			isa = PBXReferenceProxy;
			fileType = archive.ar;
			path = "libThree20Network-Xcode3.2.5.a";
			remoteRef = 95F748A612D7AE0B005042E9 /* PBXContainerItemProxy */;
			sourceTree = BUILT_PRODUCTS_DIR;
		};
		95F748A912D7AE0B005042E9 /* libThree20Network-Xcode3.2.2.a */ = {
			isa = PBXReferenceProxy;
			fileType = archive.ar;
			path = "libThree20Network-Xcode3.2.2.a";
			remoteRef = 95F748A812D7AE0B005042E9 /* PBXContainerItemProxy */;
			sourceTree = BUILT_PRODUCTS_DIR;
		};
		95F748AB12D7AE0B005042E9 /* NetworkUnitTests.octest */ = {
			isa = PBXReferenceProxy;
			fileType = wrapper.cfbundle;
			path = NetworkUnitTests.octest;
			remoteRef = 95F748AA12D7AE0B005042E9 /* PBXContainerItemProxy */;
			sourceTree = BUILT_PRODUCTS_DIR;
		};
		95F748AD12D7AE0B005042E9 /* NetworkUnitTests-Xcode3.2.5.octest */ = {
			isa = PBXReferenceProxy;
			fileType = wrapper.cfbundle;
			path = "NetworkUnitTests-Xcode3.2.5.octest";
			remoteRef = 95F748AC12D7AE0B005042E9 /* PBXContainerItemProxy */;
			sourceTree = BUILT_PRODUCTS_DIR;
		};
		95F748AF12D7AE0B005042E9 /* NetworkUnitTests-Xcode3.2.2.octest */ = {
			isa = PBXReferenceProxy;
			fileType = wrapper.cfbundle;
			path = "NetworkUnitTests-Xcode3.2.2.octest";
			remoteRef = 95F748AE12D7AE0B005042E9 /* PBXContainerItemProxy */;
			sourceTree = BUILT_PRODUCTS_DIR;
		};
/* End PBXReferenceProxy section */

/* Begin PBXResourcesBuildPhase section */
		1D60588D0D05DD3D006BFB54 /* Resources */ = {
			isa = PBXResourcesBuildPhase;
			buildActionMask = 2147483647;
			files = (
				28AD733F0D9D9553002E5188 /* MainWindow.xib in Resources */,
				2899E5220DE3E06400AC0155 /* WorldBankViewController.xib in Resources */,
				9507F96F127D3D1A0033D35C /* Icon-72.png in Resources */,
				9507F970127D3D1A0033D35C /* Icon-Small-50.png in Resources */,
				9507F971127D3D1A0033D35C /* Icon-Small.png in Resources */,
				9507F972127D3D1A0033D35C /* Icon-Small@2x.png in Resources */,
				9507F973127D3D1A0033D35C /* Icon.png in Resources */,
				9507F974127D3D1A0033D35C /* Icon@2x.png in Resources */,
				9507F975127D3D1A0033D35C /* iTunesArtwork in Resources */,
				95577D8E1281BF14001EB084 /* MainWindow-iPad.xib in Resources */,
				95F74A7512D7AF10005042E9 /* Three20.bundle in Resources */,
				95F74C7912D80FFE005042E9 /* Entitlements.plist in Resources */,
			);
			runOnlyForDeploymentPostprocessing = 0;
		};
/* End PBXResourcesBuildPhase section */

/* Begin PBXSourcesBuildPhase section */
		1D60588E0D05DD3D006BFB54 /* Sources */ = {
			isa = PBXSourcesBuildPhase;
			buildActionMask = 2147483647;
			files = (
				1D60589B0D05DD56006BFB54 /* main.m in Sources */,
				1D3623260D0F684500981E51 /* WorldBankAppDelegate.m in Sources */,
				28D7ACF80DDB3853001CB0EB /* WorldBankViewController.m in Sources */,
				9561DFFB12CFEC8A00606E6B /* TileOverlay.m in Sources */,
				9561DFFC12CFEC8A00606E6B /* TileOverlayView.m in Sources */,
				95F74B3C12D7BDF0005042E9 /* OSMTileOverlay.m in Sources */,
				95F74B4712D7BE8A005042E9 /* CustomOverlayView.m in Sources */,
				95F74B7412D7C037005042E9 /* IUCNOverlay.m in Sources */,
				95F74B9F12D7D4C0005042E9 /* CustomUISlider.m in Sources */,
				95F74BBF12D80ADD005042E9 /* FormaOverlay.m in Sources */,
			);
			runOnlyForDeploymentPostprocessing = 0;
		};
/* End PBXSourcesBuildPhase section */

/* Begin PBXTargetDependency section */
		95F7491812D7AE8D005042E9 /* PBXTargetDependency */ = {
			isa = PBXTargetDependency;
			name = Three20Network;
			targetProxy = 95F7491712D7AE8D005042E9 /* PBXContainerItemProxy */;
		};
		95F7492012D7AE8D005042E9 /* PBXTargetDependency */ = {
			isa = PBXTargetDependency;
			name = Three20Core;
			targetProxy = 95F7491F12D7AE8D005042E9 /* PBXContainerItemProxy */;
		};
/* End PBXTargetDependency section */

/* Begin XCBuildConfiguration section */
		1D6058940D05DD3E006BFB54 /* Debug */ = {
			isa = XCBuildConfiguration;
			buildSettings = {
				ALWAYS_SEARCH_USER_PATHS = NO;
				ARCHS = "$(ARCHS_STANDARD_32_BIT)";
				COPY_PHASE_STRIP = NO;
				GCC_DYNAMIC_NO_PIC = NO;
				GCC_OPTIMIZATION_LEVEL = 0;
				GCC_PRECOMPILE_PREFIX_HEADER = YES;
				GCC_PREFIX_HEADER = WorldBank_Prefix.pch;
				HEADER_SEARCH_PATHS = ./three20/Build/Products/three20;
				INFOPLIST_FILE = "WorldBank-Info.plist";
				IPHONEOS_DEPLOYMENT_TARGET = 4.0;
				OTHER_LDFLAGS = (
					"-ObjC",
					"-all_load",
				);
				PRODUCT_NAME = WorldBank;
				SDKROOT = iphoneos;
				TARGETED_DEVICE_FAMILY = "1,2";
			};
			name = Debug;
		};
		1D6058950D05DD3E006BFB54 /* Release */ = {
			isa = XCBuildConfiguration;
			buildSettings = {
				ALWAYS_SEARCH_USER_PATHS = NO;
				ARCHS = "$(ARCHS_STANDARD_32_BIT)";
				COPY_PHASE_STRIP = YES;
				GCC_PRECOMPILE_PREFIX_HEADER = YES;
				GCC_PREFIX_HEADER = WorldBank_Prefix.pch;
				HEADER_SEARCH_PATHS = ./three20/Build/Products/three20;
				INFOPLIST_FILE = "WorldBank-Info.plist";
				IPHONEOS_DEPLOYMENT_TARGET = 4.0;
				OTHER_LDFLAGS = (
					"-ObjC",
					"-all_load",
				);
				PRODUCT_NAME = WorldBank;
				SDKROOT = iphoneos;
				TARGETED_DEVICE_FAMILY = "1,2";
				VALIDATE_PRODUCT = YES;
			};
			name = Release;
		};
		95F74C3812D80FB9005042E9 /* Distribution */ = {
			isa = XCBuildConfiguration;
			buildSettings = {
				ARCHS = "$(ARCHS_STANDARD_32_BIT)";
				"CODE_SIGN_IDENTITY[sdk=iphoneos*]" = "iPhone Developer";
				GCC_C_LANGUAGE_STANDARD = c99;
				GCC_WARN_ABOUT_RETURN_TYPE = YES;
				GCC_WARN_UNUSED_VARIABLE = YES;
				OTHER_CFLAGS = "-DNS_BLOCK_ASSERTIONS=1";
				PREBINDING = NO;
				SDKROOT = iphoneos;
			};
			name = Distribution;
		};
		95F74C3912D80FB9005042E9 /* Distribution */ = {
			isa = XCBuildConfiguration;
			buildSettings = {
				ALWAYS_SEARCH_USER_PATHS = NO;
				ARCHS = "$(ARCHS_STANDARD_32_BIT)";
				CODE_SIGN_ENTITLEMENTS = Entitlements.plist;
				"CODE_SIGN_IDENTITY[sdk=iphoneos*]" = "iPhone Distribution: ThinkFun, Inc.";
				CODE_SIGN_RESOURCE_RULES_PATH = "$(SDKROOT)/ResourceRules.plist";
				COPY_PHASE_STRIP = YES;
				GCC_PRECOMPILE_PREFIX_HEADER = YES;
				GCC_PREFIX_HEADER = WorldBank_Prefix.pch;
				HEADER_SEARCH_PATHS = ./three20/Build/Products/three20;
				INFOPLIST_FILE = "WorldBank-Info.plist";
				IPHONEOS_DEPLOYMENT_TARGET = 4.0;
				OTHER_LDFLAGS = (
					"-ObjC",
					"-all_load",
				);
				PRODUCT_NAME = WorldBank;
				"PROVISIONING_PROFILE[sdk=iphoneos*]" = "D67D3E0E-E126-4941-BC0D-5BA41201DDBC";
				SDKROOT = iphoneos;
				TARGETED_DEVICE_FAMILY = "1,2";
				VALIDATE_PRODUCT = YES;
			};
			name = Distribution;
		};
		C01FCF4F08A954540054247B /* Debug */ = {
			isa = XCBuildConfiguration;
			buildSettings = {
				ARCHS = "$(ARCHS_STANDARD_32_BIT)";
				"CODE_SIGN_IDENTITY[sdk=iphoneos*]" = "iPhone Developer";
				GCC_C_LANGUAGE_STANDARD = c99;
				GCC_WARN_ABOUT_RETURN_TYPE = YES;
				GCC_WARN_UNUSED_VARIABLE = YES;
				PREBINDING = NO;
				SDKROOT = iphoneos;
			};
			name = Debug;
		};
		C01FCF5008A954540054247B /* Release */ = {
			isa = XCBuildConfiguration;
			buildSettings = {
				ARCHS = "$(ARCHS_STANDARD_32_BIT)";
				"CODE_SIGN_IDENTITY[sdk=iphoneos*]" = "iPhone Developer";
				GCC_C_LANGUAGE_STANDARD = c99;
				GCC_WARN_ABOUT_RETURN_TYPE = YES;
				GCC_WARN_UNUSED_VARIABLE = YES;
				OTHER_CFLAGS = "-DNS_BLOCK_ASSERTIONS=1";
				PREBINDING = NO;
				SDKROOT = iphoneos;
			};
			name = Release;
		};
/* End XCBuildConfiguration section */

/* Begin XCConfigurationList section */
		1D6058960D05DD3E006BFB54 /* Build configuration list for PBXNativeTarget "WorldBank" */ = {
			isa = XCConfigurationList;
			buildConfigurations = (
				1D6058940D05DD3E006BFB54 /* Debug */,
				1D6058950D05DD3E006BFB54 /* Release */,
				95F74C3912D80FB9005042E9 /* Distribution */,
			);
			defaultConfigurationIsVisible = 0;
			defaultConfigurationName = Release;
		};
		C01FCF4E08A954540054247B /* Build configuration list for PBXProject "WorldBank" */ = {
			isa = XCConfigurationList;
			buildConfigurations = (
				C01FCF4F08A954540054247B /* Debug */,
				C01FCF5008A954540054247B /* Release */,
				95F74C3812D80FB9005042E9 /* Distribution */,
			);
			defaultConfigurationIsVisible = 0;
			defaultConfigurationName = Release;
		};
/* End XCConfigurationList section */
	};
	rootObject = 29B97313FDCFA39411CA2CEA /* Project object */;
}
